
Microsoft Visual Studio Solution File, Format Version 12.00
# Visual Studio Version 17
VisualStudioVersion = 17.9.34701.34
MinimumVisualStudioVersion = 10.0.40219.1
Project("{FAE04EC0-301F-11D3-BF4B-00C04F79EFBC}") = "PyBarberShort", "PyBarberShort.csproj", "{7DDEB8EE-8711-4C4A-99FE-20BA13FF0D49}"
EndProject
Global
	GlobalSection(SolutionConfigurationPlatforms) = preSolution
		Debug|Any CPU = Debug|Any CPU
		Release|Any CPU = Release|Any CPU
	EndGlobalSection
	GlobalSection(ProjectConfigurationPlatforms) = postSolution
		{7DDEB8EE-8711-4C4A-99FE-20BA13FF0D49}.Debug|Any CPU.ActiveCfg = Debug|Any CPU
		{7DDEB8EE-8711-4C4A-99FE-20BA13FF0D49}.Debug|Any CPU.Build.0 = Debug|Any CPU
		{7DDEB8EE-8711-4C4A-99FE-20BA13FF0D49}.Release|Any CPU.ActiveCfg = Release|Any CPU
		{7DDEB8EE-8711-4C4A-99FE-20BA13FF0D49}.Release|Any CPU.Build.0 = Release|Any CPU
	EndGlobalSection
	GlobalSection(SolutionProperties) = preSolution
		HideSolutionNode = FALSE
	EndGlobalSection
	GlobalSection(ExtensibilityGlobals) = postSolution
		SolutionGuid = {DB073CBC-3C03-4E62-9C2F-11A8A9863BBA}
	EndGlobalSection
EndGlobal
